
Microsoft Visual Studio Solution File, Format Version 12.00
# Visual Studio 15
VisualStudioVersion = 15.0.28307.572
MinimumVisualStudioVersion = 10.0.40219.1
Project("{FAE04EC0-301F-11D3-BF4B-00C04F79EFBC}") = "AzureFunctionStarter", "AzureFunctionStarter\AzureFunctionStarter.csproj", "{083800CD-5347-4947-AB38-4FBEFBF37173}"
EndProject
Global
	GlobalSection(SolutionConfigurationPlatforms) = preSolution
		Debug|Any CPU = Debug|Any CPU
		Release|Any CPU = Release|Any CPU
	EndGlobalSection
	GlobalSection(ProjectConfigurationPlatforms) = postSolution
		{083800CD-5347-4947-AB38-4FBEFBF37173}.Debug|Any CPU.ActiveCfg = Debug|Any CPU
		{083800CD-5347-4947-AB38-4FBEFBF37173}.Debug|Any CPU.Build.0 = Debug|Any CPU
		{083800CD-5347-4947-AB38-4FBEFBF37173}.Release|Any CPU.ActiveCfg = Release|Any CPU
		{083800CD-5347-4947-AB38-4FBEFBF37173}.Release|Any CPU.Build.0 = Release|Any CPU
	EndGlobalSection
	GlobalSection(SolutionProperties) = preSolution
		HideSolutionNode = FALSE
	EndGlobalSection
	GlobalSection(ExtensibilityGlobals) = postSolution
		SolutionGuid = {60C2237E-1F78-4135-95AC-AF7E6C5DC579}
	EndGlobalSection
EndGlobal
