
Microsoft Visual Studio Solution File, Format Version 12.00
# Visual Studio 15
VisualStudioVersion = 15.0.28307.572
MinimumVisualStudioVersion = 10.0.40219.1
Project("{FAE04EC0-301F-11D3-BF4B-00C04F79EFBC}") = "BobTheFunctionApp", "BobTheFunctionApp\BobTheFunctionApp.csproj", "{9BD6169D-EDA5-45E6-B021-B2CC2BD00791}"
EndProject
Global
	GlobalSection(SolutionConfigurationPlatforms) = preSolution
		Debug|Any CPU = Debug|Any CPU
		Release|Any CPU = Release|Any CPU
	EndGlobalSection
	GlobalSection(ProjectConfigurationPlatforms) = postSolution
		{9BD6169D-EDA5-45E6-B021-B2CC2BD00791}.Debug|Any CPU.ActiveCfg = Debug|Any CPU
		{9BD6169D-EDA5-45E6-B021-B2CC2BD00791}.Debug|Any CPU.Build.0 = Debug|Any CPU
		{9BD6169D-EDA5-45E6-B021-B2CC2BD00791}.Release|Any CPU.ActiveCfg = Release|Any CPU
		{9BD6169D-EDA5-45E6-B021-B2CC2BD00791}.Release|Any CPU.Build.0 = Release|Any CPU
	EndGlobalSection
	GlobalSection(SolutionProperties) = preSolution
		HideSolutionNode = FALSE
	EndGlobalSection
	GlobalSection(ExtensibilityGlobals) = postSolution
		SolutionGuid = {98C20979-1DD4-4B18-A73D-43D62EB569E1}
	EndGlobalSection
EndGlobal
