
Microsoft Visual Studio Solution File, Format Version 12.00
# Visual Studio 15
VisualStudioVersion = 15.0.28307.572
MinimumVisualStudioVersion = 10.0.40219.1
Project("{FAE04EC0-301F-11D3-BF4B-00C04F79EFBC}") = "InboundConnectorDemo", "InboundConnectorDemo\InboundConnectorDemo.csproj", "{FDF0632F-7CD6-4311-A63F-55477A6A3558}"
EndProject
Global
	GlobalSection(SolutionConfigurationPlatforms) = preSolution
		Debug|Any CPU = Debug|Any CPU
		Release|Any CPU = Release|Any CPU
	EndGlobalSection
	GlobalSection(ProjectConfigurationPlatforms) = postSolution
		{FDF0632F-7CD6-4311-A63F-55477A6A3558}.Debug|Any CPU.ActiveCfg = Debug|Any CPU
		{FDF0632F-7CD6-4311-A63F-55477A6A3558}.Debug|Any CPU.Build.0 = Debug|Any CPU
		{FDF0632F-7CD6-4311-A63F-55477A6A3558}.Release|Any CPU.ActiveCfg = Release|Any CPU
		{FDF0632F-7CD6-4311-A63F-55477A6A3558}.Release|Any CPU.Build.0 = Release|Any CPU
	EndGlobalSection
	GlobalSection(SolutionProperties) = preSolution
		HideSolutionNode = FALSE
	EndGlobalSection
	GlobalSection(ExtensibilityGlobals) = postSolution
		SolutionGuid = {F8DB8543-C2AB-4381-BA4E-517E29C9531A}
	EndGlobalSection
EndGlobal
